{
  "name": "pi-openserp",
  "version": "1.0.0",
  "lockfileVersion": 3,
  "requires": true,
  "packages": {
    "": {
      "name": "pi-openserp",
      "version": "1.0.0",
      "dependencies": {
        "@openserp/sdk": "^0.2.6"
      }
    },
    "node_modules/@openserp/sdk": {
      "version": "0.2.6",
      "resolved": "https://registry.npmjs.org/@openserp/sdk/-/sdk-0.2.6.tgz",
      "integrity": "sha512-w7bPzbNh4XHa1+8fej/3qJ+eASnQJOifdigyRdYxXRvrkpYKpQY6JkbCy+W7lY4T94nxPGaauLcxuMGGCR0amw==",
      "license": "MIT",
      "engines": {
        "node": ">=18"
      }
    }
  }
}
