{
  "name": "ro-mode",
  "version": "1.0.0",
  "lockfileVersion": 3,
  "requires": true,
  "packages": {
    "": {
      "name": "ro-mode",
      "version": "1.0.0",
      "devDependencies": {
        "auto-approve": "file:../auto-approve"
      },
      "peerDependencies": {
        "@earendil-works/pi-coding-agent": "*",
        "auto-approve": "*"
      }
    },
    "../auto-approve": {
      "version": "1.0.0",
      "dev": true,
      "peerDependencies": {
        "@earendil-works/pi-ai": "*",
        "@earendil-works/pi-coding-agent": "*"
      }
    },
    "node_modules/auto-approve": {
      "resolved": "../auto-approve",
      "link": true
    }
  }
}
